{
	"archiveVersion": "1",
	"classes": {},
	"objectVersion": "54",
	"objects": {
		"191CD6FA2847E21E0085CBB6": {
			"fileEncoding": "4",
			"isa": "PBXFileReference",
			"lastKnownFileType": "text.plist.entitlements",
			"path": "of.entitlements",
			"sourceTree": "<group>"
		},
		"191EF70929D778A400F35F26": {
			"isa": "PBXFileReference",
			"lastKnownFileType": "folder",
			"name": "openFrameworks",
			"path": "../../../libs/openFrameworks",
			"sourceTree": "SOURCE_ROOT"
		},
		"19B789C429E5AB4A0082E9B8": {
			"buildActionMask": "2147483647",
			"files": [],
			"inputFileListPaths": [],
			"inputPaths": [],
			"isa": "PBXShellScriptBuildPhase",
			"outputFileListPaths": [],
			"outputPaths": [],
			"runOnlyForDeploymentPostprocessing": "0",
			"shellPath": "/bin/sh",
			"shellScript": "\"$OF_PATH/scripts/osx/xcode_project.sh\"\n",
			"showEnvVarsInLog": "0"
		},
		"BB4B014C10F69532006C3DED": {
			"children": [
				"{8EA8CDAC-0ACD-43DF-B129-E3F6B6FEE878}"
			],
			"isa": "PBXGroup",
			"name": "addons",
			"path": "../../../addons",
			"sourceTree": "<group>"
		},
		"E42962A92163ECCD00A6A9E2": {
			"alwaysOutOfDate": "1",
			"buildActionMask": "2147483647",
			"files": [],
			"inputPaths": [],
			"isa": "PBXShellScriptBuildPhase",
			"name": "Run Script — Compile OF",
			"outputPaths": [],
			"runOnlyForDeploymentPostprocessing": "0",
			"shellPath": "/bin/sh",
			"shellScript": "echo \"💾 Compiling Openframeworks\"\nxcodebuild -project \"$OF_PATH/libs/openFrameworksCompiled/project/osx/openFrameworksLib.xcodeproj\" -target openFrameworks -configuration \"${CONFIGURATION}\"  CLANG_CXX_LANGUAGE_STANDARD=$CLANG_CXX_LANGUAGE_STANDARD MACOSX_DEPLOYMENT_TARGET=$MACOSX_DEPLOYMENT_TARGET GCC_PREPROCESSOR_DEFINITIONS=$USER_PREPROCESSOR_DEFINITIONS\n",
			"showEnvVarsInLog": "0"
		},
		"E4A5B60F29BAAAE400C2D356": {
			"buildActionMask": "2147483647",
			"dstPath": "",
			"dstSubfolderSpec": "6",
			"files": [],
			"isa": "PBXCopyFilesBuildPhase",
			"runOnlyForDeploymentPostprocessing": "0"
		},
		"E4B69B4A0A3A1720003C02F2": {
			"children": [
				"191CD6FA2847E21E0085CBB6",
				"E4B6FCAD0C3E899E008CF71C",
				"E4EB6923138AFD0F00A09F29",
				"E4B69E1C0A3A1BDC003C02F2",
				"191EF70929D778A400F35F26",
				"BB4B014C10F69532006C3DED",
				"E4B69B5B0A3A1756003C02F2"
			],
			"isa": "PBXGroup",
			"sourceTree": "<group>"
		},
		"E4B69B4C0A3A1720003C02F2": {
			"attributes": {
				"LastUpgradeCheck": "0600"
			},
			"buildConfigurationList": "E4B69B4D0A3A1720003C02F2",
			"compatibilityVersion": "Xcode 3.2",
			"developmentRegion": "en",
			"hasScannedForEncodings": "0",
			"isa": "PBXProject",
			"knownRegions": [
				"en",
				"Base"
			],
			"mainGroup": "E4B69B4A0A3A1720003C02F2",
			"productRefGroup": "E4B69B4A0A3A1720003C02F2",
			"projectDirPath": "",
			"projectRoot": "",
			"targets": [
				"E4B69B5A0A3A1756003C02F2"
			]
		},
		"E4B69B4D0A3A1720003C02F2": {
			"buildConfigurations": [
				"E4B69B4E0A3A1720003C02F2",
				"E4B69B4F0A3A1720003C02F2"
			],
			"defaultConfigurationIsVisible": "0",
			"defaultConfigurationName": "Release",
			"isa": "XCConfigurationList"
		},
		"E4B69B4E0A3A1720003C02F2": {
			"baseConfigurationReference": "E4EB6923138AFD0F00A09F29",
			"buildSettings": {
				"CODE_SIGN_ENTITLEMENTS": "of.entitlements",
				"COPY_PHASE_STRIP": "NO",
				"ENABLE_TESTABILITY": "YES",
				"GCC_OPTIMIZATION_LEVEL": "0",
				"GCC_WARN_UNUSED_VARIABLE": "NO",
				"HEADER_SEARCH_PATHS": [
					"$(OF_CORE_HEADERS)",
					"src",
					"src",
					"../../../addons/ofxBezierEditor/src"
				],
				"OTHER_CPLUSPLUSFLAGS": "-D__MACOSX_CORE__"
			},
			"isa": "XCBuildConfiguration",
			"name": "Debug"
		},
		"E4B69B4F0A3A1720003C02F2": {
			"baseConfigurationReference": "E4EB6923138AFD0F00A09F29",
			"buildSettings": {
				"CODE_SIGN_ENTITLEMENTS": "of.entitlements",
				"COPY_PHASE_STRIP": "YES",
				"GCC_OPTIMIZATION_LEVEL": "3",
				"GCC_UNROLL_LOOPS": "YES",
				"HEADER_SEARCH_PATHS": [
					"$(OF_CORE_HEADERS)",
					"src",
					"src",
					"../../../addons/ofxBezierEditor/src"
				],
				"OTHER_CPLUSPLUSFLAGS": "-D__MACOSX_CORE__"
			},
			"isa": "XCBuildConfiguration",
			"name": "Release"
		},
		"E4B69B580A3A1756003C02F2": {
			"buildActionMask": "2147483647",
			"files": [
				"E4B69E200A3A1BDC003C02F2",
				"E4B69E210A3A1BDC003C02F2",
				"{78EDB8F2-A8C0-4E1E-AFBC-D1E5C6418282}",
				"{84D09E1D-B091-4295-947C-D7E45E2C939E}",
				"{2187DA0A-7C81-432E-B1D7-166BD4F60C3C}",
				"{8D2246EE-2920-41AC-9DAF-B6034FF7BD40}",
				"{ED2CBBDC-8E96-47C9-98C6-42DF81377946}",
				"{46914AE7-41F7-4F62-B336-210B982B08BA}",
				"{FD871C0F-749E-4845-91B4-F64AA92A81CF}"
			],
			"isa": "PBXSourcesBuildPhase",
			"runOnlyForDeploymentPostprocessing": "0"
		},
		"E4B69B590A3A1756003C02F2": {
			"buildActionMask": "2147483647",
			"files": [],
			"isa": "PBXFrameworksBuildPhase",
			"runOnlyForDeploymentPostprocessing": "0"
		},
		"E4B69B5A0A3A1756003C02F2": {
			"buildConfigurationList": "E4B69B5F0A3A1757003C02F2",
			"buildPhases": [
				"E42962A92163ECCD00A6A9E2",
				"E4B69B580A3A1756003C02F2",
				"E4B69B590A3A1756003C02F2",
				"E4C2427710CC5ABF004149E2",
				"E4A5B60F29BAAAE400C2D356",
				"19B789C429E5AB4A0082E9B8"
			],
			"buildRules": [],
			"dependencies": [],
			"isa": "PBXNativeTarget",
			"name": "example-simple",
			"productName": "myOFApp",
			"productReference": "E4B69B5B0A3A1756003C02F2",
			"productType": "com.apple.product-type.application"
		},
		"E4B69B5B0A3A1756003C02F2": {
			"explicitFileType": "wrapper.application",
			"includeInIndex": "0",
			"isa": "PBXFileReference",
			"path": "example-simpleDebug.app",
			"sourceTree": "BUILT_PRODUCTS_DIR"
		},
		"E4B69B5F0A3A1757003C02F2": {
			"buildConfigurations": [
				"E4B69B600A3A1757003C02F2",
				"E4B69B610A3A1757003C02F2"
			],
			"defaultConfigurationIsVisible": "0",
			"defaultConfigurationName": "Release",
			"isa": "XCConfigurationList"
		},
		"E4B69B600A3A1757003C02F2": {
			"baseConfigurationReference": "E4EB6923138AFD0F00A09F29",
			"buildSettings": {
				"ARCHS": "$(ARCHS_STANDARD)",
				"COPY_PHASE_STRIP": "NO",
				"FRAMEWORK_SEARCH_PATHS": "$(inherited)",
				"GCC_DYNAMIC_NO_PIC": "NO",
				"HEADER_SEARCH_PATHS": [
					"$(OF_CORE_HEADERS)",
					"src",
					"src",
					"../../../addons/ofxBezierEditor/src"
				],
				"LIBRARY_SEARCH_PATHS": "$(inherited)",
				"OTHER_LDFLAGS": [
					"$(OF_CORE_LIBS)",
					"$(OF_CORE_FRAMEWORKS)",
					"$(LIB_OF_DEBUG)"
				]
			},
			"isa": "XCBuildConfiguration",
			"name": "Debug"
		},
		"E4B69B610A3A1757003C02F2": {
			"baseConfigurationReference": "E4EB6923138AFD0F00A09F29",
			"buildSettings": {
				"ARCHS": "$(ARCHS_STANDARD)",
				"COPY_PHASE_STRIP": "YES",
				"FRAMEWORK_SEARCH_PATHS": "$(inherited)",
				"HEADER_SEARCH_PATHS": [
					"$(OF_CORE_HEADERS)",
					"src",
					"src",
					"../../../addons/ofxBezierEditor/src"
				],
				"LIBRARY_SEARCH_PATHS": "$(inherited)",
				"OTHER_LDFLAGS": [
					"$(OF_CORE_LIBS)",
					"$(OF_CORE_FRAMEWORKS)",
					"$(LIB_OF)"
				],
				"baseConfigurationReference": "E4EB6923138AFD0F00A09F29"
			},
			"isa": "XCBuildConfiguration",
			"name": "Release"
		},
		"E4B69E1C0A3A1BDC003C02F2": {
			"children": [
				"E4B69E1D0A3A1BDC003C02F2",
				"E4B69E1E0A3A1BDC003C02F2",
				"E4B69E1F0A3A1BDC003C02F2"
			],
			"isa": "PBXGroup",
			"path": "src",
			"sourceTree": "SOURCE_ROOT"
		},
		"E4B69E1D0A3A1BDC003C02F2": {
			"fileEncoding": "4",
			"isa": "PBXFileReference",
			"lastKnownFileType": "sourcecode.cpp.cpp",
			"name": "main.cpp",
			"path": "src/main.cpp",
			"sourceTree": "SOURCE_ROOT"
		},
		"E4B69E1E0A3A1BDC003C02F2": {
			"explicitFileType": "sourcecode.cpp.cpp",
			"fileEncoding": "4",
			"isa": "PBXFileReference",
			"name": "ofApp.cpp",
			"path": "src/ofApp.cpp",
			"sourceTree": "SOURCE_ROOT"
		},
		"E4B69E1F0A3A1BDC003C02F2": {
			"fileEncoding": "4",
			"isa": "PBXFileReference",
			"lastKnownFileType": "sourcecode.c.h",
			"name": "ofApp.h",
			"path": "src/ofApp.h",
			"sourceTree": "SOURCE_ROOT"
		},
		"E4B69E200A3A1BDC003C02F2": {
			"fileRef": "E4B69E1D0A3A1BDC003C02F2",
			"isa": "PBXBuildFile"
		},
		"E4B69E210A3A1BDC003C02F2": {
			"fileRef": "E4B69E1E0A3A1BDC003C02F2",
			"isa": "PBXBuildFile"
		},
		"E4B6FCAD0C3E899E008CF71C": {
			"fileEncoding": "4",
			"isa": "PBXFileReference",
			"lastKnownFileType": "text.plist.xml",
			"path": "openFrameworks-Info.plist",
			"sourceTree": "<group>"
		},
		"E4C2427710CC5ABF004149E2": {
			"buildActionMask": "2147483647",
			"dstPath": "",
			"dstSubfolderSpec": "10",
			"files": [],
			"isa": "PBXCopyFilesBuildPhase",
			"runOnlyForDeploymentPostprocessing": "0"
		},
		"E4EB6923138AFD0F00A09F29": {
			"fileEncoding": "4",
			"isa": "PBXFileReference",
			"lastKnownFileType": "text.xcconfig",
			"path": "Project.xcconfig",
			"sourceTree": "<group>"
		},
		"{143B1D27-3E3E-4EDA-8A71-46633F1DB371}": {
			"explicitFileType": "sourcecode.c.h",
			"fileEncoding": "4",
			"isa": "PBXFileReference",
			"name": "ofxBezierTubeMeshBuilder.h",
			"path": "../../../addons/ofxBezierEditor/src/ofxBezierTubeMeshBuilder.h",
			"sourceTree": "SOURCE_ROOT"
		},
		"{2187DA0A-7C81-432E-B1D7-166BD4F60C3C}": {
			"fileRef": "{24943C17-5131-4F02-A271-7EC8E0761F41}",
			"isa": "PBXBuildFile"
		},
		"{241828E9-96B7-4EDB-8D66-B2DB1AB75BB0}": {
			"explicitFileType": "sourcecode.c.h",
			"fileEncoding": "4",
			"isa": "PBXFileReference",
			"name": "ofxBezierUI.h",
			"path": "../../../addons/ofxBezierEditor/src/ofxBezierUI.h",
			"sourceTree": "SOURCE_ROOT"
		},
		"{24943C17-5131-4F02-A271-7EC8E0761F41}": {
			"explicitFileType": "sourcecode.cpp.cpp",
			"fileEncoding": "4",
			"isa": "PBXFileReference",
			"name": "ofxBezierEditorSettings.cpp",
			"path": "../../../addons/ofxBezierEditor/src/ofxBezierEditorSettings.cpp",
			"sourceTree": "SOURCE_ROOT"
		},
		"{3510B40D-7B45-47A5-89A4-8553C4846F1F}": {
			"explicitFileType": "sourcecode.cpp.cpp",
			"fileEncoding": "4",
			"isa": "PBXFileReference",
			"name": "ofxBezierRibbonMeshBuilder.cpp",
			"path": "../../../addons/ofxBezierEditor/src/ofxBezierRibbonMeshBuilder.cpp",
			"sourceTree": "SOURCE_ROOT"
		},
		"{3DF2E595-E6A8-4F5E-AFD0-8277D05A21AC}": {
			"explicitFileType": "sourcecode.cpp.cpp",
			"fileEncoding": "4",
			"isa": "PBXFileReference",
			"name": "ofxBezierEvents.cpp",
			"path": "../../../addons/ofxBezierEditor/src/ofxBezierEvents.cpp",
			"sourceTree": "SOURCE_ROOT"
		},
		"{46914AE7-41F7-4F62-B336-210B982B08BA}": {
			"fileRef": "{BE2F5AEE-BBA8-4C50-B595-244089E2A28E}",
			"isa": "PBXBuildFile"
		},
		"{4C46A628-E5D5-4DC4-A893-F3DF4D525CD6}": {
			"explicitFileType": "sourcecode.cpp.cpp",
			"fileEncoding": "4",
			"isa": "PBXFileReference",
			"name": "ofxBezierDraw.cpp",
			"path": "../../../addons/ofxBezierEditor/src/ofxBezierDraw.cpp",
			"sourceTree": "SOURCE_ROOT"
		},
		"{6B014239-EF64-449A-8880-FACEB6B84B15}": {
			"explicitFileType": "sourcecode.c.h",
			"fileEncoding": "4",
			"isa": "PBXFileReference",
			"name": "ofxBezierRibbonMeshBuilder.h",
			"path": "../../../addons/ofxBezierEditor/src/ofxBezierRibbonMeshBuilder.h",
			"sourceTree": "SOURCE_ROOT"
		},
		"{7429BFE9-96FE-4E01-A82F-DF2AA589CDFC}": {
			"explicitFileType": "sourcecode.c.h",
			"fileEncoding": "4",
			"isa": "PBXFileReference",
			"name": "ofxBezierDraw.h",
			"path": "../../../addons/ofxBezierEditor/src/ofxBezierDraw.h",
			"sourceTree": "SOURCE_ROOT"
		},
		"{74C859D5-B31E-458E-811E-56B49525BF31}": {
			"explicitFileType": "sourcecode.c.h",
			"fileEncoding": "4",
			"isa": "PBXFileReference",
			"name": "draggableVertex.h",
			"path": "../../../addons/ofxBezierEditor/src/draggableVertex.h",
			"sourceTree": "SOURCE_ROOT"
		},
		"{78EDB8F2-A8C0-4E1E-AFBC-D1E5C6418282}": {
			"fileRef": "{4C46A628-E5D5-4DC4-A893-F3DF4D525CD6}",
			"isa": "PBXBuildFile"
		},
		"{84D09E1D-B091-4295-947C-D7E45E2C939E}": {
			"fileRef": "{C854E1E7-61AD-4E37-BAC3-1C62A9B4075F}",
			"isa": "PBXBuildFile"
		},
		"{8D2246EE-2920-41AC-9DAF-B6034FF7BD40}": {
			"fileRef": "{3DF2E595-E6A8-4F5E-AFD0-8277D05A21AC}",
			"isa": "PBXBuildFile"
		},
		"{8EA8CDAC-0ACD-43DF-B129-E3F6B6FEE878}": {
			"children": [
				"{DEC38F1E-A317-4B25-8F95-59F264C201C7}"
			],
			"isa": "PBXGroup",
			"name": "ofxBezierEditor",
			"sourceTree": "SOURCE_ROOT"
		},
		"{A88ED066-9A64-4E48-895D-76ED3AE230B1}": {
			"explicitFileType": "sourcecode.c.h",
			"fileEncoding": "4",
			"isa": "PBXFileReference",
			"name": "ofxBezierEditorSettings.h",
			"path": "../../../addons/ofxBezierEditor/src/ofxBezierEditorSettings.h",
			"sourceTree": "SOURCE_ROOT"
		},
		"{AD2A790C-2997-402F-A876-39F38B3F46ED}": {
			"explicitFileType": "sourcecode.c.h",
			"fileEncoding": "4",
			"isa": "PBXFileReference",
			"name": "ofxBezierEditor.h",
			"path": "../../../addons/ofxBezierEditor/src/ofxBezierEditor.h",
			"sourceTree": "SOURCE_ROOT"
		},
		"{BE2F5AEE-BBA8-4C50-B595-244089E2A28E}": {
			"explicitFileType": "sourcecode.cpp.cpp",
			"fileEncoding": "4",
			"isa": "PBXFileReference",
			"name": "ofxBezierTubeMeshBuilder.cpp",
			"path": "../../../addons/ofxBezierEditor/src/ofxBezierTubeMeshBuilder.cpp",
			"sourceTree": "SOURCE_ROOT"
		},
		"{C854E1E7-61AD-4E37-BAC3-1C62A9B4075F}": {
			"explicitFileType": "sourcecode.cpp.cpp",
			"fileEncoding": "4",
			"isa": "PBXFileReference",
			"name": "ofxBezierEditor.cpp",
			"path": "../../../addons/ofxBezierEditor/src/ofxBezierEditor.cpp",
			"sourceTree": "SOURCE_ROOT"
		},
		"{CC2E80AA-98C2-4CBE-A30F-45864998911E}": {
			"explicitFileType": "sourcecode.c.h",
			"fileEncoding": "4",
			"isa": "PBXFileReference",
			"name": "ofxBezierEvents.h",
			"path": "../../../addons/ofxBezierEditor/src/ofxBezierEvents.h",
			"sourceTree": "SOURCE_ROOT"
		},
		"{DEC38F1E-A317-4B25-8F95-59F264C201C7}": {
			"children": [
				"{74C859D5-B31E-458E-811E-56B49525BF31}",
				"{4C46A628-E5D5-4DC4-A893-F3DF4D525CD6}",
				"{7429BFE9-96FE-4E01-A82F-DF2AA589CDFC}",
				"{C854E1E7-61AD-4E37-BAC3-1C62A9B4075F}",
				"{AD2A790C-2997-402F-A876-39F38B3F46ED}",
				"{24943C17-5131-4F02-A271-7EC8E0761F41}",
				"{A88ED066-9A64-4E48-895D-76ED3AE230B1}",
				"{3DF2E595-E6A8-4F5E-AFD0-8277D05A21AC}",
				"{CC2E80AA-98C2-4CBE-A30F-45864998911E}",
				"{3510B40D-7B45-47A5-89A4-8553C4846F1F}",
				"{6B014239-EF64-449A-8880-FACEB6B84B15}",
				"{BE2F5AEE-BBA8-4C50-B595-244089E2A28E}",
				"{143B1D27-3E3E-4EDA-8A71-46633F1DB371}",
				"{E8923C3E-4781-4589-842E-0503FE8CE8AD}",
				"{241828E9-96B7-4EDB-8D66-B2DB1AB75BB0}"
			],
			"isa": "PBXGroup",
			"name": "src",
			"sourceTree": "SOURCE_ROOT"
		},
		"{E8923C3E-4781-4589-842E-0503FE8CE8AD}": {
			"explicitFileType": "sourcecode.cpp.cpp",
			"fileEncoding": "4",
			"isa": "PBXFileReference",
			"name": "ofxBezierUI.cpp",
			"path": "../../../addons/ofxBezierEditor/src/ofxBezierUI.cpp",
			"sourceTree": "SOURCE_ROOT"
		},
		"{ED2CBBDC-8E96-47C9-98C6-42DF81377946}": {
			"fileRef": "{3510B40D-7B45-47A5-89A4-8553C4846F1F}",
			"isa": "PBXBuildFile"
		},
		"{FD871C0F-749E-4845-91B4-F64AA92A81CF}": {
			"fileRef": "{E8923C3E-4781-4589-842E-0503FE8CE8AD}",
			"isa": "PBXBuildFile"
		}
	},
	"rootObject": "E4B69B4C0A3A1720003C02F2"
}