{
	"archiveVersion": "1",
	"classes": {},
	"objectVersion": "54",
	"objects": {
		"191CD6FA2847E21E0085CBB6": {
			"fileEncoding": "4",
			"isa": "PBXFileReference",
			"lastKnownFileType": "text.plist.entitlements",
			"path": "of.entitlements",
			"sourceTree": "<group>"
		},
		"191EF70929D778A400F35F26": {
			"isa": "PBXFileReference",
			"lastKnownFileType": "folder",
			"name": "openFrameworks",
			"path": "../../../libs/openFrameworks",
			"sourceTree": "SOURCE_ROOT"
		},
		"19B789C429E5AB4A0082E9B8": {
			"buildActionMask": "2147483647",
			"files": [],
			"inputFileListPaths": [],
			"inputPaths": [],
			"isa": "PBXShellScriptBuildPhase",
			"outputFileListPaths": [],
			"outputPaths": [],
			"runOnlyForDeploymentPostprocessing": "0",
			"shellPath": "/bin/sh",
			"shellScript": "\"$OF_PATH/scripts/osx/xcode_project.sh\"\n",
			"showEnvVarsInLog": "0"
		},
		"BB4B014C10F69532006C3DED": {
			"children": [
				"{7C75FAB1-6036-4352-83AA-3360F5500757}"
			],
			"isa": "PBXGroup",
			"name": "addons",
			"path": "../../../addons",
			"sourceTree": "<group>"
		},
		"E42962A92163ECCD00A6A9E2": {
			"alwaysOutOfDate": "1",
			"buildActionMask": "2147483647",
			"files": [],
			"inputPaths": [],
			"isa": "PBXShellScriptBuildPhase",
			"name": "Run Script — Compile OF",
			"outputPaths": [],
			"runOnlyForDeploymentPostprocessing": "0",
			"shellPath": "/bin/sh",
			"shellScript": "echo \"💾 Compiling Openframeworks\"\nxcodebuild -project \"$OF_PATH/libs/openFrameworksCompiled/project/osx/openFrameworksLib.xcodeproj\" -target openFrameworks -configuration \"${CONFIGURATION}\"  CLANG_CXX_LANGUAGE_STANDARD=$CLANG_CXX_LANGUAGE_STANDARD MACOSX_DEPLOYMENT_TARGET=$MACOSX_DEPLOYMENT_TARGET GCC_PREPROCESSOR_DEFINITIONS=$USER_PREPROCESSOR_DEFINITIONS\n",
			"showEnvVarsInLog": "0"
		},
		"E4A5B60F29BAAAE400C2D356": {
			"buildActionMask": "2147483647",
			"dstPath": "",
			"dstSubfolderSpec": "6",
			"files": [],
			"isa": "PBXCopyFilesBuildPhase",
			"runOnlyForDeploymentPostprocessing": "0"
		},
		"E4B69B4A0A3A1720003C02F2": {
			"children": [
				"191CD6FA2847E21E0085CBB6",
				"E4B6FCAD0C3E899E008CF71C",
				"E4EB6923138AFD0F00A09F29",
				"E4B69E1C0A3A1BDC003C02F2",
				"191EF70929D778A400F35F26",
				"BB4B014C10F69532006C3DED",
				"E4B69B5B0A3A1756003C02F2"
			],
			"isa": "PBXGroup",
			"sourceTree": "<group>"
		},
		"E4B69B4C0A3A1720003C02F2": {
			"attributes": {
				"LastUpgradeCheck": "0600"
			},
			"buildConfigurationList": "E4B69B4D0A3A1720003C02F2",
			"compatibilityVersion": "Xcode 3.2",
			"developmentRegion": "en",
			"hasScannedForEncodings": "0",
			"isa": "PBXProject",
			"knownRegions": [
				"en",
				"Base"
			],
			"mainGroup": "E4B69B4A0A3A1720003C02F2",
			"productRefGroup": "E4B69B4A0A3A1720003C02F2",
			"projectDirPath": "",
			"projectRoot": "",
			"targets": [
				"E4B69B5A0A3A1756003C02F2"
			]
		},
		"E4B69B4D0A3A1720003C02F2": {
			"buildConfigurations": [
				"E4B69B4E0A3A1720003C02F2",
				"E4B69B4F0A3A1720003C02F2"
			],
			"defaultConfigurationIsVisible": "0",
			"defaultConfigurationName": "Release",
			"isa": "XCConfigurationList"
		},
		"E4B69B4E0A3A1720003C02F2": {
			"baseConfigurationReference": "E4EB6923138AFD0F00A09F29",
			"buildSettings": {
				"CODE_SIGN_ENTITLEMENTS": "of.entitlements",
				"COPY_PHASE_STRIP": "NO",
				"ENABLE_TESTABILITY": "YES",
				"GCC_OPTIMIZATION_LEVEL": "0",
				"GCC_WARN_UNUSED_VARIABLE": "NO",
				"HEADER_SEARCH_PATHS": [
					"$(OF_CORE_HEADERS)",
					"src",
					"src",
					"../../../addons/ofxBezierEditor/src"
				],
				"OTHER_CPLUSPLUSFLAGS": "-D__MACOSX_CORE__"
			},
			"isa": "XCBuildConfiguration",
			"name": "Debug"
		},
		"E4B69B4F0A3A1720003C02F2": {
			"baseConfigurationReference": "E4EB6923138AFD0F00A09F29",
			"buildSettings": {
				"CODE_SIGN_ENTITLEMENTS": "of.entitlements",
				"COPY_PHASE_STRIP": "YES",
				"GCC_OPTIMIZATION_LEVEL": "3",
				"GCC_UNROLL_LOOPS": "YES",
				"HEADER_SEARCH_PATHS": [
					"$(OF_CORE_HEADERS)",
					"src",
					"src",
					"../../../addons/ofxBezierEditor/src"
				],
				"OTHER_CPLUSPLUSFLAGS": "-D__MACOSX_CORE__"
			},
			"isa": "XCBuildConfiguration",
			"name": "Release"
		},
		"E4B69B580A3A1756003C02F2": {
			"buildActionMask": "2147483647",
			"files": [
				"E4B69E200A3A1BDC003C02F2",
				"E4B69E210A3A1BDC003C02F2",
				"{BEE125D5-E40B-4944-9F9F-719486EA5186}",
				"{D0B40F9D-F4AB-4D14-840D-9EF9DFEA01DC}",
				"{09FACB0F-CCA4-446C-AC3F-4D478B464B9F}",
				"{6FF5B9D8-A8DA-4421-A279-56CD764E17BC}",
				"{596F344E-B09A-4ADE-828F-9C7989E73708}",
				"{DC9B4BA3-FDFA-45C9-B728-7C3D7DF7C70F}",
				"{4632AF05-AFC2-43B2-94B2-F0858F01B7E9}"
			],
			"isa": "PBXSourcesBuildPhase",
			"runOnlyForDeploymentPostprocessing": "0"
		},
		"E4B69B590A3A1756003C02F2": {
			"buildActionMask": "2147483647",
			"files": [],
			"isa": "PBXFrameworksBuildPhase",
			"runOnlyForDeploymentPostprocessing": "0"
		},
		"E4B69B5A0A3A1756003C02F2": {
			"buildConfigurationList": "E4B69B5F0A3A1757003C02F2",
			"buildPhases": [
				"E42962A92163ECCD00A6A9E2",
				"E4B69B580A3A1756003C02F2",
				"E4B69B590A3A1756003C02F2",
				"E4C2427710CC5ABF004149E2",
				"E4A5B60F29BAAAE400C2D356",
				"19B789C429E5AB4A0082E9B8"
			],
			"buildRules": [],
			"dependencies": [],
			"isa": "PBXNativeTarget",
			"name": "example-draw",
			"productName": "myOFApp",
			"productReference": "E4B69B5B0A3A1756003C02F2",
			"productType": "com.apple.product-type.application"
		},
		"E4B69B5B0A3A1756003C02F2": {
			"explicitFileType": "wrapper.application",
			"includeInIndex": "0",
			"isa": "PBXFileReference",
			"path": "example-drawDebug.app",
			"sourceTree": "BUILT_PRODUCTS_DIR"
		},
		"E4B69B5F0A3A1757003C02F2": {
			"buildConfigurations": [
				"E4B69B600A3A1757003C02F2",
				"E4B69B610A3A1757003C02F2"
			],
			"defaultConfigurationIsVisible": "0",
			"defaultConfigurationName": "Release",
			"isa": "XCConfigurationList"
		},
		"E4B69B600A3A1757003C02F2": {
			"baseConfigurationReference": "E4EB6923138AFD0F00A09F29",
			"buildSettings": {
				"ARCHS": "$(ARCHS_STANDARD)",
				"COPY_PHASE_STRIP": "NO",
				"FRAMEWORK_SEARCH_PATHS": "$(inherited)",
				"GCC_DYNAMIC_NO_PIC": "NO",
				"HEADER_SEARCH_PATHS": [
					"$(OF_CORE_HEADERS)",
					"src",
					"src",
					"../../../addons/ofxBezierEditor/src"
				],
				"LIBRARY_SEARCH_PATHS": "$(inherited)",
				"OTHER_LDFLAGS": [
					"$(OF_CORE_LIBS)",
					"$(OF_CORE_FRAMEWORKS)",
					"$(LIB_OF_DEBUG)"
				]
			},
			"isa": "XCBuildConfiguration",
			"name": "Debug"
		},
		"E4B69B610A3A1757003C02F2": {
			"baseConfigurationReference": "E4EB6923138AFD0F00A09F29",
			"buildSettings": {
				"ARCHS": "$(ARCHS_STANDARD)",
				"COPY_PHASE_STRIP": "YES",
				"FRAMEWORK_SEARCH_PATHS": "$(inherited)",
				"HEADER_SEARCH_PATHS": [
					"$(OF_CORE_HEADERS)",
					"src",
					"src",
					"../../../addons/ofxBezierEditor/src"
				],
				"LIBRARY_SEARCH_PATHS": "$(inherited)",
				"OTHER_LDFLAGS": [
					"$(OF_CORE_LIBS)",
					"$(OF_CORE_FRAMEWORKS)",
					"$(LIB_OF)"
				],
				"baseConfigurationReference": "E4EB6923138AFD0F00A09F29"
			},
			"isa": "XCBuildConfiguration",
			"name": "Release"
		},
		"E4B69E1C0A3A1BDC003C02F2": {
			"children": [
				"E4B69E1D0A3A1BDC003C02F2",
				"E4B69E1E0A3A1BDC003C02F2",
				"E4B69E1F0A3A1BDC003C02F2"
			],
			"isa": "PBXGroup",
			"path": "src",
			"sourceTree": "SOURCE_ROOT"
		},
		"E4B69E1D0A3A1BDC003C02F2": {
			"fileEncoding": "4",
			"isa": "PBXFileReference",
			"lastKnownFileType": "sourcecode.cpp.cpp",
			"name": "main.cpp",
			"path": "src/main.cpp",
			"sourceTree": "SOURCE_ROOT"
		},
		"E4B69E1E0A3A1BDC003C02F2": {
			"explicitFileType": "sourcecode.cpp.cpp",
			"fileEncoding": "4",
			"isa": "PBXFileReference",
			"name": "ofApp.cpp",
			"path": "src/ofApp.cpp",
			"sourceTree": "SOURCE_ROOT"
		},
		"E4B69E1F0A3A1BDC003C02F2": {
			"fileEncoding": "4",
			"isa": "PBXFileReference",
			"lastKnownFileType": "sourcecode.c.h",
			"name": "ofApp.h",
			"path": "src/ofApp.h",
			"sourceTree": "SOURCE_ROOT"
		},
		"E4B69E200A3A1BDC003C02F2": {
			"fileRef": "E4B69E1D0A3A1BDC003C02F2",
			"isa": "PBXBuildFile"
		},
		"E4B69E210A3A1BDC003C02F2": {
			"fileRef": "E4B69E1E0A3A1BDC003C02F2",
			"isa": "PBXBuildFile"
		},
		"E4B6FCAD0C3E899E008CF71C": {
			"fileEncoding": "4",
			"isa": "PBXFileReference",
			"lastKnownFileType": "text.plist.xml",
			"path": "openFrameworks-Info.plist",
			"sourceTree": "<group>"
		},
		"E4C2427710CC5ABF004149E2": {
			"buildActionMask": "2147483647",
			"dstPath": "",
			"dstSubfolderSpec": "10",
			"files": [],
			"isa": "PBXCopyFilesBuildPhase",
			"runOnlyForDeploymentPostprocessing": "0"
		},
		"E4EB6923138AFD0F00A09F29": {
			"fileEncoding": "4",
			"isa": "PBXFileReference",
			"lastKnownFileType": "text.xcconfig",
			"path": "Project.xcconfig",
			"sourceTree": "<group>"
		},
		"{09FACB0F-CCA4-446C-AC3F-4D478B464B9F}": {
			"fileRef": "{6067DBC7-CF16-417F-A584-F9083F00AD2C}",
			"isa": "PBXBuildFile"
		},
		"{20DD63EF-7499-401D-B9C5-5AF76F445480}": {
			"explicitFileType": "sourcecode.cpp.cpp",
			"fileEncoding": "4",
			"isa": "PBXFileReference",
			"name": "ofxBezierDraw.cpp",
			"path": "../../../addons/ofxBezierEditor/src/ofxBezierDraw.cpp",
			"sourceTree": "SOURCE_ROOT"
		},
		"{2D6412F6-9074-4D20-9BFC-DD6156C92F95}": {
			"explicitFileType": "sourcecode.c.h",
			"fileEncoding": "4",
			"isa": "PBXFileReference",
			"name": "draggableVertex.h",
			"path": "../../../addons/ofxBezierEditor/src/draggableVertex.h",
			"sourceTree": "SOURCE_ROOT"
		},
		"{4632AF05-AFC2-43B2-94B2-F0858F01B7E9}": {
			"fileRef": "{F28C3C1B-1993-4831-921B-042442081D62}",
			"isa": "PBXBuildFile"
		},
		"{58CD0DC1-9497-4D2E-B777-A67FC001A31F}": {
			"explicitFileType": "sourcecode.cpp.cpp",
			"fileEncoding": "4",
			"isa": "PBXFileReference",
			"name": "ofxBezierEditor.cpp",
			"path": "../../../addons/ofxBezierEditor/src/ofxBezierEditor.cpp",
			"sourceTree": "SOURCE_ROOT"
		},
		"{596F344E-B09A-4ADE-828F-9C7989E73708}": {
			"fileRef": "{923963A3-F93F-4A0A-9687-E68AE7EDBC47}",
			"isa": "PBXBuildFile"
		},
		"{6067DBC7-CF16-417F-A584-F9083F00AD2C}": {
			"explicitFileType": "sourcecode.cpp.cpp",
			"fileEncoding": "4",
			"isa": "PBXFileReference",
			"name": "ofxBezierEditorSettings.cpp",
			"path": "../../../addons/ofxBezierEditor/src/ofxBezierEditorSettings.cpp",
			"sourceTree": "SOURCE_ROOT"
		},
		"{6870B16F-3789-4156-88BC-045323D100C1}": {
			"explicitFileType": "sourcecode.c.h",
			"fileEncoding": "4",
			"isa": "PBXFileReference",
			"name": "ofxBezierEditor.h",
			"path": "../../../addons/ofxBezierEditor/src/ofxBezierEditor.h",
			"sourceTree": "SOURCE_ROOT"
		},
		"{6FF5B9D8-A8DA-4421-A279-56CD764E17BC}": {
			"fileRef": "{DB868FCB-A9C3-4CD4-9284-00FEEB1DDF91}",
			"isa": "PBXBuildFile"
		},
		"{7C75FAB1-6036-4352-83AA-3360F5500757}": {
			"children": [
				"{FA9707B8-A41C-4EFC-B994-C40891989DF0}"
			],
			"isa": "PBXGroup",
			"name": "ofxBezierEditor",
			"sourceTree": "SOURCE_ROOT"
		},
		"{923963A3-F93F-4A0A-9687-E68AE7EDBC47}": {
			"explicitFileType": "sourcecode.cpp.cpp",
			"fileEncoding": "4",
			"isa": "PBXFileReference",
			"name": "ofxBezierRibbonMeshBuilder.cpp",
			"path": "../../../addons/ofxBezierEditor/src/ofxBezierRibbonMeshBuilder.cpp",
			"sourceTree": "SOURCE_ROOT"
		},
		"{AC7D6A67-3014-4831-B4D2-5A13D67D5D5F}": {
			"explicitFileType": "sourcecode.c.h",
			"fileEncoding": "4",
			"isa": "PBXFileReference",
			"name": "ofxBezierTubeMeshBuilder.h",
			"path": "../../../addons/ofxBezierEditor/src/ofxBezierTubeMeshBuilder.h",
			"sourceTree": "SOURCE_ROOT"
		},
		"{ACD2DDE3-8B81-4A81-9069-94A1E739C8CC}": {
			"explicitFileType": "sourcecode.c.h",
			"fileEncoding": "4",
			"isa": "PBXFileReference",
			"name": "ofxBezierUI.h",
			"path": "../../../addons/ofxBezierEditor/src/ofxBezierUI.h",
			"sourceTree": "SOURCE_ROOT"
		},
		"{BCBF8132-0E7F-44D1-A69C-4D451E441362}": {
			"explicitFileType": "sourcecode.c.h",
			"fileEncoding": "4",
			"isa": "PBXFileReference",
			"name": "ofxBezierDraw.h",
			"path": "../../../addons/ofxBezierEditor/src/ofxBezierDraw.h",
			"sourceTree": "SOURCE_ROOT"
		},
		"{BEE125D5-E40B-4944-9F9F-719486EA5186}": {
			"fileRef": "{20DD63EF-7499-401D-B9C5-5AF76F445480}",
			"isa": "PBXBuildFile"
		},
		"{D0B40F9D-F4AB-4D14-840D-9EF9DFEA01DC}": {
			"fileRef": "{58CD0DC1-9497-4D2E-B777-A67FC001A31F}",
			"isa": "PBXBuildFile"
		},
		"{DB868FCB-A9C3-4CD4-9284-00FEEB1DDF91}": {
			"explicitFileType": "sourcecode.cpp.cpp",
			"fileEncoding": "4",
			"isa": "PBXFileReference",
			"name": "ofxBezierEvents.cpp",
			"path": "../../../addons/ofxBezierEditor/src/ofxBezierEvents.cpp",
			"sourceTree": "SOURCE_ROOT"
		},
		"{DC9B4BA3-FDFA-45C9-B728-7C3D7DF7C70F}": {
			"fileRef": "{FADD8958-63AA-42EA-B3B2-665E812BE1BC}",
			"isa": "PBXBuildFile"
		},
		"{E3749AA9-C22D-4CA6-8AB5-4FC4546554D8}": {
			"explicitFileType": "sourcecode.c.h",
			"fileEncoding": "4",
			"isa": "PBXFileReference",
			"name": "ofxBezierEditorSettings.h",
			"path": "../../../addons/ofxBezierEditor/src/ofxBezierEditorSettings.h",
			"sourceTree": "SOURCE_ROOT"
		},
		"{EF30538C-6870-43AC-A16F-21041AF11EC9}": {
			"explicitFileType": "sourcecode.c.h",
			"fileEncoding": "4",
			"isa": "PBXFileReference",
			"name": "ofxBezierRibbonMeshBuilder.h",
			"path": "../../../addons/ofxBezierEditor/src/ofxBezierRibbonMeshBuilder.h",
			"sourceTree": "SOURCE_ROOT"
		},
		"{F21DC6BC-A3DF-4A04-B027-665957631F6B}": {
			"explicitFileType": "sourcecode.c.h",
			"fileEncoding": "4",
			"isa": "PBXFileReference",
			"name": "ofxBezierEvents.h",
			"path": "../../../addons/ofxBezierEditor/src/ofxBezierEvents.h",
			"sourceTree": "SOURCE_ROOT"
		},
		"{F28C3C1B-1993-4831-921B-042442081D62}": {
			"explicitFileType": "sourcecode.cpp.cpp",
			"fileEncoding": "4",
			"isa": "PBXFileReference",
			"name": "ofxBezierUI.cpp",
			"path": "../../../addons/ofxBezierEditor/src/ofxBezierUI.cpp",
			"sourceTree": "SOURCE_ROOT"
		},
		"{FA9707B8-A41C-4EFC-B994-C40891989DF0}": {
			"children": [
				"{2D6412F6-9074-4D20-9BFC-DD6156C92F95}",
				"{20DD63EF-7499-401D-B9C5-5AF76F445480}",
				"{BCBF8132-0E7F-44D1-A69C-4D451E441362}",
				"{58CD0DC1-9497-4D2E-B777-A67FC001A31F}",
				"{6870B16F-3789-4156-88BC-045323D100C1}",
				"{6067DBC7-CF16-417F-A584-F9083F00AD2C}",
				"{E3749AA9-C22D-4CA6-8AB5-4FC4546554D8}",
				"{DB868FCB-A9C3-4CD4-9284-00FEEB1DDF91}",
				"{F21DC6BC-A3DF-4A04-B027-665957631F6B}",
				"{923963A3-F93F-4A0A-9687-E68AE7EDBC47}",
				"{EF30538C-6870-43AC-A16F-21041AF11EC9}",
				"{FADD8958-63AA-42EA-B3B2-665E812BE1BC}",
				"{AC7D6A67-3014-4831-B4D2-5A13D67D5D5F}",
				"{F28C3C1B-1993-4831-921B-042442081D62}",
				"{ACD2DDE3-8B81-4A81-9069-94A1E739C8CC}"
			],
			"isa": "PBXGroup",
			"name": "src",
			"sourceTree": "SOURCE_ROOT"
		},
		"{FADD8958-63AA-42EA-B3B2-665E812BE1BC}": {
			"explicitFileType": "sourcecode.cpp.cpp",
			"fileEncoding": "4",
			"isa": "PBXFileReference",
			"name": "ofxBezierTubeMeshBuilder.cpp",
			"path": "../../../addons/ofxBezierEditor/src/ofxBezierTubeMeshBuilder.cpp",
			"sourceTree": "SOURCE_ROOT"
		}
	},
	"rootObject": "E4B69B4C0A3A1720003C02F2"
}